
Microsoft Visual Studio Solution File, Format Version 12.00
# Visual Studio Version 17
VisualStudioVersion = 17.6.33829.357
MinimumVisualStudioVersion = 10.0.40219.1
Project("{FAE04EC0-301F-11D3-BF4B-00C04F79EFBC}") = "RegisDocManagement", "RegisDocManagement\RegisDocManagement.csproj", "{0ED8B914-CEDC-48FC-809D-4DEA9F1F30B7}"
EndProject
Global
	GlobalSection(SolutionConfigurationPlatforms) = preSolution
		Debug|Any CPU = Debug|Any CPU
		Release|Any CPU = Release|Any CPU
	EndGlobalSection
	GlobalSection(ProjectConfigurationPlatforms) = postSolution
		{0ED8B914-CEDC-48FC-809D-4DEA9F1F30B7}.Debug|Any CPU.ActiveCfg = Debug|Any CPU
		{0ED8B914-CEDC-48FC-809D-4DEA9F1F30B7}.Debug|Any CPU.Build.0 = Debug|Any CPU
		{0ED8B914-CEDC-48FC-809D-4DEA9F1F30B7}.Release|Any CPU.ActiveCfg = Release|Any CPU
		{0ED8B914-CEDC-48FC-809D-4DEA9F1F30B7}.Release|Any CPU.Build.0 = Release|Any CPU
	EndGlobalSection
	GlobalSection(SolutionProperties) = preSolution
		HideSolutionNode = FALSE
	EndGlobalSection
	GlobalSection(ExtensibilityGlobals) = postSolution
		SolutionGuid = {D91EFC3A-4014-4AA2-827A-19C7C39F6793}
	EndGlobalSection
EndGlobal
